// !$*UTF8*$!
{
	archiveVersion = 1;
	classes = {
	};
	objectVersion = 50;
	objects = {

/* Begin PBXBuildFile section */
		6979A27124BDCC99007B18FB /* AppDelegate.swift in Sources */ = {isa = PBXBuildFile; fileRef = 6979A27024BDCC99007B18FB /* AppDelegate.swift */; };
		6979A27324BDCC99007B18FB /* SceneDelegate.swift in Sources */ = {isa = PBXBuildFile; fileRef = 6979A27224BDCC99007B18FB /* SceneDelegate.swift */; };
		6979A27524BDCC99007B18FB /* ViewController.swift in Sources */ = {isa = PBXBuildFile; fileRef = 6979A27424BDCC99007B18FB /* ViewController.swift */; };
		6979A27824BDCC99007B18FB /* Main.storyboard in Resources */ = {isa = PBXBuildFile; fileRef = 6979A27624BDCC99007B18FB /* Main.storyboard */; };
		6979A27A24BDCC9F007B18FB /* Assets.xcassets in Resources */ = {isa = PBXBuildFile; fileRef = 6979A27924BDCC9F007B18FB /* Assets.xcassets */; };
		6979A27D24BDCC9F007B18FB /* LaunchScreen.storyboard in Resources */ = {isa = PBXBuildFile; fileRef = 6979A27B24BDCC9F007B18FB /* LaunchScreen.storyboard */; };
		6979A28824BDCC9F007B18FB /* aiaTests.swift in Sources */ = {isa = PBXBuildFile; fileRef = 6979A28724BDCC9F007B18FB /* aiaTests.swift */; };
		6979A29324BDCC9F007B18FB /* aiaUITests.swift in Sources */ = {isa = PBXBuildFile; fileRef = 6979A29224BDCC9F007B18FB /* aiaUITests.swift */; };
/* End PBXBuildFile section */

/* Begin PBXContainerItemProxy section */
		6979A28424BDCC9F007B18FB /* PBXContainerItemProxy */ = {
			isa = PBXContainerItemProxy;
			containerPortal = 6979A26524BDCC99007B18FB /* Project object */;
			proxyType = 1;
			remoteGlobalIDString = 6979A26C24BDCC99007B18FB;
			remoteInfo = aia;
		};
		6979A28F24BDCC9F007B18FB /* PBXContainerItemProxy */ = {
			isa = PBXContainerItemProxy;
			containerPortal = 6979A26524BDCC99007B18FB /* Project object */;
			proxyType = 1;
			remoteGlobalIDString = 6979A26C24BDCC99007B18FB;
			remoteInfo = aia;
		};
/* End PBXContainerItemProxy section */

/* Begin PBXFileReference section */
		6979A26D24BDCC99007B18FB /* aia.app */ = {isa = PBXFileReference; explicitFileType = wrapper.application; includeInIndex = 0; path = aia.app; sourceTree = BUILT_PRODUCTS_DIR; };
		6979A27024BDCC99007B18FB /* AppDelegate.swift */ = {isa = PBXFileReference; lastKnownFileType = sourcecode.swift; path = AppDelegate.swift; sourceTree = "<group>"; };
		6979A27224BDCC99007B18FB /* SceneDelegate.swift */ = {isa = PBXFileReference; lastKnownFileType = sourcecode.swift; path = SceneDelegate.swift; sourceTree = "<group>"; };
		6979A27424BDCC99007B18FB /* ViewController.swift */ = {isa = PBXFileReference; lastKnownFileType = sourcecode.swift; path = ViewController.swift; sourceTree = "<group>"; };
		6979A27724BDCC99007B18FB /* Base */ = {isa = PBXFileReference; lastKnownFileType = file.storyboard; name = Base; path = Base.lproj/Main.storyboard; sourceTree = "<group>"; };
		6979A27924BDCC9F007B18FB /* Assets.xcassets */ = {isa = PBXFileReference; lastKnownFileType = folder.assetcatalog; path = Assets.xcassets; sourceTree = "<group>"; };
		6979A27C24BDCC9F007B18FB /* Base */ = {isa = PBXFileReference; lastKnownFileType = file.storyboard; name = Base; path = Base.lproj/LaunchScreen.storyboard; sourceTree = "<group>"; };
		6979A27E24BDCC9F007B18FB /* Info.plist */ = {isa = PBXFileReference; lastKnownFileType = text.plist.xml; path = Info.plist; sourceTree = "<group>"; };
		6979A28324BDCC9F007B18FB /* aiaTests.xctest */ = {isa = PBXFileReference; explicitFileType = wrapper.cfbundle; includeInIndex = 0; path = aiaTests.xctest; sourceTree = BUILT_PRODUCTS_DIR; };
		6979A28724BDCC9F007B18FB /* aiaTests.swift */ = {isa = PBXFileReference; lastKnownFileType = sourcecode.swift; path = aiaTests.swift; sourceTree = "<group>"; };
		6979A28924BDCC9F007B18FB /* Info.plist */ = {isa = PBXFileReference; lastKnownFileType = text.plist.xml; path = Info.plist; sourceTree = "<group>"; };
		6979A28E24BDCC9F007B18FB /* aiaUITests.xctest */ = {isa = PBXFileReference; explicitFileType = wrapper.cfbundle; includeInIndex = 0; path = aiaUITests.xctest; sourceTree = BUILT_PRODUCTS_DIR; };
		6979A29224BDCC9F007B18FB /* aiaUITests.swift */ = {isa = PBXFileReference; lastKnownFileType = sourcecode.swift; path = aiaUITests.swift; sourceTree = "<group>"; };
		6979A29424BDCC9F007B18FB /* Info.plist */ = {isa = PBXFileReference; lastKnownFileType = text.plist.xml; path = Info.plist; sourceTree = "<group>"; };
/* End PBXFileReference section */

/* Begin PBXFrameworksBuildPhase section */
		6979A26A24BDCC99007B18FB /* Frameworks */ = {
			isa = PBXFrameworksBuildPhase;
			buildActionMask = 2147483647;
			files = (
			);
			runOnlyForDeploymentPostprocessing = 0;
		};
		6979A28024BDCC9F007B18FB /* Frameworks */ = {
			isa = PBXFrameworksBuildPhase;
			buildActionMask = 2147483647;
			files = (
			);
			runOnlyForDeploymentPostprocessing = 0;
		};
		6979A28B24BDCC9F007B18FB /* Frameworks */ = {
			isa = PBXFrameworksBuildPhase;
			buildActionMask = 2147483647;
			files = (
			);
			runOnlyForDeploymentPostprocessing = 0;
		};
/* End PBXFrameworksBuildPhase section */

/* Begin PBXGroup section */
		6979A26424BDCC99007B18FB = {
			isa = PBXGroup;
			children = (
				6979A26F24BDCC99007B18FB /* aia */,
				6979A28624BDCC9F007B18FB /* aiaTests */,
				6979A29124BDCC9F007B18FB /* aiaUITests */,
				6979A26E24BDCC99007B18FB /* Products */,
			);
			sourceTree = "<group>";
		};
		6979A26E24BDCC99007B18FB /* Products */ = {
			isa = PBXGroup;
			children = (
				6979A26D24BDCC99007B18FB /* aia.app */,
				6979A28324BDCC9F007B18FB /* aiaTests.xctest */,
				6979A28E24BDCC9F007B18FB /* aiaUITests.xctest */,
			);
			name = Products;
			sourceTree = "<group>";
		};
		6979A26F24BDCC99007B18FB /* aia */ = {
			isa = PBXGroup;
			children = (
				6979A27024BDCC99007B18FB /* AppDelegate.swift */,
				6979A27224BDCC99007B18FB /* SceneDelegate.swift */,
				6979A27424BDCC99007B18FB /* ViewController.swift */,
				6979A27624BDCC99007B18FB /* Main.storyboard */,
				6979A27924BDCC9F007B18FB /* Assets.xcassets */,
				6979A27B24BDCC9F007B18FB /* LaunchScreen.storyboard */,
				6979A27E24BDCC9F007B18FB /* Info.plist */,
			);
			path = aia;
			sourceTree = "<group>";
		};
		6979A28624BDCC9F007B18FB /* aiaTests */ = {
			isa = PBXGroup;
			children = (
				6979A28724BDCC9F007B18FB /* aiaTests.swift */,
				6979A28924BDCC9F007B18FB /* Info.plist */,
			);
			path = aiaTests;
			sourceTree = "<group>";
		};
		6979A29124BDCC9F007B18FB /* aiaUITests */ = {
			isa = PBXGroup;
			children = (
				6979A29224BDCC9F007B18FB /* aiaUITests.swift */,
				6979A29424BDCC9F007B18FB /* Info.plist */,
			);
			path = aiaUITests;
			sourceTree = "<group>";
		};
/* End PBXGroup section */

/* Begin PBXNativeTarget section */
		6979A26C24BDCC99007B18FB /* aia */ = {
			isa = PBXNativeTarget;
			buildConfigurationList = 6979A29724BDCC9F007B18FB /* Build configuration list for PBXNativeTarget "aia" */;
			buildPhases = (
				6979A26924BDCC99007B18FB /* Sources */,
				6979A26A24BDCC99007B18FB /* Frameworks */,
				6979A26B24BDCC99007B18FB /* Resources */,
			);
			buildRules = (
			);
			dependencies = (
			);
			name = aia;
			productName = aia;
			productReference = 6979A26D24BDCC99007B18FB /* aia.app */;
			productType = "com.apple.product-type.application";
		};
		6979A28224BDCC9F007B18FB /* aiaTests */ = {
			isa = PBXNativeTarget;
			buildConfigurationList = 6979A29A24BDCC9F007B18FB /* Build configuration list for PBXNativeTarget "aiaTests" */;
			buildPhases = (
				6979A27F24BDCC9F007B18FB /* Sources */,
				6979A28024BDCC9F007B18FB /* Frameworks */,
				6979A28124BDCC9F007B18FB /* Resources */,
			);
			buildRules = (
			);
			dependencies = (
				6979A28524BDCC9F007B18FB /* PBXTargetDependency */,
			);
			name = aiaTests;
			productName = aiaTests;
			productReference = 6979A28324BDCC9F007B18FB /* aiaTests.xctest */;
			productType = "com.apple.product-type.bundle.unit-test";
		};
		6979A28D24BDCC9F007B18FB /* aiaUITests */ = {
			isa = PBXNativeTarget;
			buildConfigurationList = 6979A29D24BDCC9F007B18FB /* Build configuration list for PBXNativeTarget "aiaUITests" */;
			buildPhases = (
				6979A28A24BDCC9F007B18FB /* Sources */,
				6979A28B24BDCC9F007B18FB /* Frameworks */,
				6979A28C24BDCC9F007B18FB /* Resources */,
			);
			buildRules = (
			);
			dependencies = (
				6979A29024BDCC9F007B18FB /* PBXTargetDependency */,
			);
			name = aiaUITests;
			productName = aiaUITests;
			productReference = 6979A28E24BDCC9F007B18FB /* aiaUITests.xctest */;
			productType = "com.apple.product-type.bundle.ui-testing";
		};
/* End PBXNativeTarget section */

/* Begin PBXProject section */
		6979A26524BDCC99007B18FB /* Project object */ = {
			isa = PBXProject;
			attributes = {
				LastSwiftUpdateCheck = 1150;
				LastUpgradeCheck = 1150;
				ORGANIZATIONNAME = "Rachmanto Saputra";
				TargetAttributes = {
					6979A26C24BDCC99007B18FB = {
						CreatedOnToolsVersion = 11.5;
					};
					6979A28224BDCC9F007B18FB = {
						CreatedOnToolsVersion = 11.5;
						TestTargetID = 6979A26C24BDCC99007B18FB;
					};
					6979A28D24BDCC9F007B18FB = {
						CreatedOnToolsVersion = 11.5;
						TestTargetID = 6979A26C24BDCC99007B18FB;
					};
				};
			};
			buildConfigurationList = 6979A26824BDCC99007B18FB /* Build configuration list for PBXProject "aia" */;
			compatibilityVersion = "Xcode 9.3";
			developmentRegion = en;
			hasScannedForEncodings = 0;
			knownRegions = (
				en,
				Base,
			);
			mainGroup = 6979A26424BDCC99007B18FB;
			productRefGroup = 6979A26E24BDCC99007B18FB /* Products */;
			projectDirPath = "";
			projectRoot = "";
			targets = (
				6979A26C24BDCC99007B18FB /* aia */,
				6979A28224BDCC9F007B18FB /* aiaTests */,
				6979A28D24BDCC9F007B18FB /* aiaUITests */,
			);
		};
/* End PBXProject section */

/* Begin PBXResourcesBuildPhase section */
		6979A26B24BDCC99007B18FB /* Resources */ = {
			isa = PBXResourcesBuildPhase;
			buildActionMask = 2147483647;
			files = (
				6979A27D24BDCC9F007B18FB /* LaunchScreen.storyboard in Resources */,
				6979A27A24BDCC9F007B18FB /* Assets.xcassets in Resources */,
				6979A27824BDCC99007B18FB /* Main.storyboard in Resources */,
			);
			runOnlyForDeploymentPostprocessing = 0;
		};
		6979A28124BDCC9F007B18FB /* Resources */ = {
			isa = PBXResourcesBuildPhase;
			buildActionMask = 2147483647;
			files = (
			);
			runOnlyForDeploymentPostprocessing = 0;
		};
		6979A28C24BDCC9F007B18FB /* Resources */ = {
			isa = PBXResourcesBuildPhase;
			buildActionMask = 2147483647;
			files = (
			);
			runOnlyForDeploymentPostprocessing = 0;
		};
/* End PBXResourcesBuildPhase section */

/* Begin PBXSourcesBuildPhase section */
		6979A26924BDCC99007B18FB /* Sources */ = {
			isa = PBXSourcesBuildPhase;
			buildActionMask = 2147483647;
			files = (
				6979A27524BDCC99007B18FB /* ViewController.swift in Sources */,
				6979A27124BDCC99007B18FB /* AppDelegate.swift in Sources */,
				6979A27324BDCC99007B18FB /* SceneDelegate.swift in Sources */,
			);
			runOnlyForDeploymentPostprocessing = 0;
		};
		6979A27F24BDCC9F007B18FB /* Sources */ = {
			isa = PBXSourcesBuildPhase;
			buildActionMask = 2147483647;
			files = (
				6979A28824BDCC9F007B18FB /* aiaTests.swift in Sources */,
			);
			runOnlyForDeploymentPostprocessing = 0;
		};
		6979A28A24BDCC9F007B18FB /* Sources */ = {
			isa = PBXSourcesBuildPhase;
			buildActionMask = 2147483647;
			files = (
				6979A29324BDCC9F007B18FB /* aiaUITests.swift in Sources */,
			);
			runOnlyForDeploymentPostprocessing = 0;
		};
/* End PBXSourcesBuildPhase section */

/* Begin PBXTargetDependency section */
		6979A28524BDCC9F007B18FB /* PBXTargetDependency */ = {
			isa = PBXTargetDependency;
			target = 6979A26C24BDCC99007B18FB /* aia */;
			targetProxy = 6979A28424BDCC9F007B18FB /* PBXContainerItemProxy */;
		};
		6979A29024BDCC9F007B18FB /* PBXTargetDependency */ = {
			isa = PBXTargetDependency;
			target = 6979A26C24BDCC99007B18FB /* aia */;
			targetProxy = 6979A28F24BDCC9F007B18FB /* PBXContainerItemProxy */;
		};
/* End PBXTargetDependency section */

/* Begin PBXVariantGroup section */
		6979A27624BDCC99007B18FB /* Main.storyboard */ = {
			isa = PBXVariantGroup;
			children = (
				6979A27724BDCC99007B18FB /* Base */,
			);
			name = Main.storyboard;
			sourceTree = "<group>";
		};
		6979A27B24BDCC9F007B18FB /* LaunchScreen.storyboard */ = {
			isa = PBXVariantGroup;
			children = (
				6979A27C24BDCC9F007B18FB /* Base */,
			);
			name = LaunchScreen.storyboard;
			sourceTree = "<group>";
		};
/* End PBXVariantGroup section */

/* Begin XCBuildConfiguration section */
		6979A29524BDCC9F007B18FB /* Debug */ = {
			isa = XCBuildConfiguration;
			buildSettings = {
				ALWAYS_SEARCH_USER_PATHS = NO;
				CLANG_ANALYZER_NONNULL = YES;
				CLANG_ANALYZER_NUMBER_OBJECT_CONVERSION = YES_AGGRESSIVE;
				CLANG_CXX_LANGUAGE_STANDARD = "gnu++14";
				CLANG_CXX_LIBRARY = "libc++";
				CLANG_ENABLE_MODULES = YES;
				CLANG_ENABLE_OBJC_ARC = YES;
				CLANG_ENABLE_OBJC_WEAK = YES;
				CLANG_WARN_BLOCK_CAPTURE_AUTORELEASING = YES;
				CLANG_WARN_BOOL_CONVERSION = YES;
				CLANG_WARN_COMMA = YES;
				CLANG_WARN_CONSTANT_CONVERSION = YES;
				CLANG_WARN_DEPRECATED_OBJC_IMPLEMENTATIONS = YES;
				CLANG_WARN_DIRECT_OBJC_ISA_USAGE = YES_ERROR;
				CLANG_WARN_DOCUMENTATION_COMMENTS = YES;
				CLANG_WARN_EMPTY_BODY = YES;
				CLANG_WARN_ENUM_CONVERSION = YES;
				CLANG_WARN_INFINITE_RECURSION = YES;
				CLANG_WARN_INT_CONVERSION = YES;
				CLANG_WARN_NON_LITERAL_NULL_CONVERSION = YES;
				CLANG_WARN_OBJC_IMPLICIT_RETAIN_SELF = YES;
				CLANG_WARN_OBJC_LITERAL_CONVERSION = YES;
				CLANG_WARN_OBJC_ROOT_CLASS = YES_ERROR;
				CLANG_WARN_RANGE_LOOP_ANALYSIS = YES;
				CLANG_WARN_STRICT_PROTOTYPES = YES;
				CLANG_WARN_SUSPICIOUS_MOVE = YES;
				CLANG_WARN_UNGUARDED_AVAILABILITY = YES_AGGRESSIVE;
				CLANG_WARN_UNREACHABLE_CODE = YES;
				CLANG_WARN__DUPLICATE_METHOD_MATCH = YES;
				COPY_PHASE_STRIP = NO;
				DEBUG_INFORMATION_FORMAT = dwarf;
				ENABLE_STRICT_OBJC_MSGSEND = YES;
				ENABLE_TESTABILITY = YES;
				GCC_C_LANGUAGE_STANDARD = gnu11;
				GCC_DYNAMIC_NO_PIC = NO;
				GCC_NO_COMMON_BLOCKS = YES;
				GCC_OPTIMIZATION_LEVEL = 0;
				GCC_PREPROCESSOR_DEFINITIONS = (
					"DEBUG=1",
					"$(inherited)",
				);
				GCC_WARN_64_TO_32_BIT_CONVERSION = YES;
				GCC_WARN_ABOUT_RETURN_TYPE = YES_ERROR;
				GCC_WARN_UNDECLARED_SELECTOR = YES;
				GCC_WARN_UNINITIALIZED_AUTOS = YES_AGGRESSIVE;
				GCC_WARN_UNUSED_FUNCTION = YES;
				GCC_WARN_UNUSED_VARIABLE = YES;
				IPHONEOS_DEPLOYMENT_TARGET = 13.5;
				MTL_ENABLE_DEBUG_INFO = INCLUDE_SOURCE;
				MTL_FAST_MATH = YES;
				ONLY_ACTIVE_ARCH = YES;
				SDKROOT = iphoneos;
				SWIFT_ACTIVE_COMPILATION_CONDITIONS = DEBUG;
				SWIFT_OPTIMIZATION_LEVEL = "-Onone";
			};
			name = Debug;
		};
		6979A29624BDCC9F007B18FB /* Release */ = {
			isa = XCBuildConfiguration;
			buildSettings = {
				ALWAYS_SEARCH_USER_PATHS = NO;
				CLANG_ANALYZER_NONNULL = YES;
				CLANG_ANALYZER_NUMBER_OBJECT_CONVERSION = YES_AGGRESSIVE;
				CLANG_CXX_LANGUAGE_STANDARD = "gnu++14";
				CLANG_CXX_LIBRARY = "libc++";
				CLANG_ENABLE_MODULES = YES;
				CLANG_ENABLE_OBJC_ARC = YES;
				CLANG_ENABLE_OBJC_WEAK = YES;
				CLANG_WARN_BLOCK_CAPTURE_AUTORELEASING = YES;
				CLANG_WARN_BOOL_CONVERSION = YES;
				CLANG_WARN_COMMA = YES;
				CLANG_WARN_CONSTANT_CONVERSION = YES;
				CLANG_WARN_DEPRECATED_OBJC_IMPLEMENTATIONS = YES;
				CLANG_WARN_DIRECT_OBJC_ISA_USAGE = YES_ERROR;
				CLANG_WARN_DOCUMENTATION_COMMENTS = YES;
				CLANG_WARN_EMPTY_BODY = YES;
				CLANG_WARN_ENUM_CONVERSION = YES;
				CLANG_WARN_INFINITE_RECURSION = YES;
				CLANG_WARN_INT_CONVERSION = YES;
				CLANG_WARN_NON_LITERAL_NULL_CONVERSION = YES;
				CLANG_WARN_OBJC_IMPLICIT_RETAIN_SELF = YES;
				CLANG_WARN_OBJC_LITERAL_CONVERSION = YES;
				CLANG_WARN_OBJC_ROOT_CLASS = YES_ERROR;
				CLANG_WARN_RANGE_LOOP_ANALYSIS = YES;
				CLANG_WARN_STRICT_PROTOTYPES = YES;
				CLANG_WARN_SUSPICIOUS_MOVE = YES;
				CLANG_WARN_UNGUARDED_AVAILABILITY = YES_AGGRESSIVE;
				CLANG_WARN_UNREACHABLE_CODE = YES;
				CLANG_WARN__DUPLICATE_METHOD_MATCH = YES;
				COPY_PHASE_STRIP = NO;
				DEBUG_INFORMATION_FORMAT = "dwarf-with-dsym";
				ENABLE_NS_ASSERTIONS = NO;
				ENABLE_STRICT_OBJC_MSGSEND = YES;
				GCC_C_LANGUAGE_STANDARD = gnu11;
				GCC_NO_COMMON_BLOCKS = YES;
				GCC_WARN_64_TO_32_BIT_CONVERSION = YES;
				GCC_WARN_ABOUT_RETURN_TYPE = YES_ERROR;
				GCC_WARN_UNDECLARED_SELECTOR = YES;
				GCC_WARN_UNINITIALIZED_AUTOS = YES_AGGRESSIVE;
				GCC_WARN_UNUSED_FUNCTION = YES;
				GCC_WARN_UNUSED_VARIABLE = YES;
				IPHONEOS_DEPLOYMENT_TARGET = 13.5;
				MTL_ENABLE_DEBUG_INFO = NO;
				MTL_FAST_MATH = YES;
				SDKROOT = iphoneos;
				SWIFT_COMPILATION_MODE = wholemodule;
				SWIFT_OPTIMIZATION_LEVEL = "-O";
				VALIDATE_PRODUCT = YES;
			};
			name = Release;
		};
		6979A29824BDCC9F007B18FB /* Debug */ = {
			isa = XCBuildConfiguration;
			buildSettings = {
				ASSETCATALOG_COMPILER_APPICON_NAME = AppIcon;
				CODE_SIGN_STYLE = Automatic;
				INFOPLIST_FILE = aia/Info.plist;
				LD_RUNPATH_SEARCH_PATHS = (
					"$(inherited)",
					"@executable_path/Frameworks",
				);
				PRODUCT_BUNDLE_IDENTIFIER = rachmantosaputra.aia;
				PRODUCT_NAME = "$(TARGET_NAME)";
				SWIFT_VERSION = 5.0;
				TARGETED_DEVICE_FAMILY = "1,2";
			};
			name = Debug;
		};
		6979A29924BDCC9F007B18FB /* Release */ = {
			isa = XCBuildConfiguration;
			buildSettings = {
				ASSETCATALOG_COMPILER_APPICON_NAME = AppIcon;
				CODE_SIGN_STYLE = Automatic;
				INFOPLIST_FILE = aia/Info.plist;
				LD_RUNPATH_SEARCH_PATHS = (
					"$(inherited)",
					"@executable_path/Frameworks",
				);
				PRODUCT_BUNDLE_IDENTIFIER = rachmantosaputra.aia;
				PRODUCT_NAME = "$(TARGET_NAME)";
				SWIFT_VERSION = 5.0;
				TARGETED_DEVICE_FAMILY = "1,2";
			};
			name = Release;
		};
		6979A29B24BDCC9F007B18FB /* Debug */ = {
			isa = XCBuildConfiguration;
			buildSettings = {
				ALWAYS_EMBED_SWIFT_STANDARD_LIBRARIES = YES;
				BUNDLE_LOADER = "$(TEST_HOST)";
				CODE_SIGN_STYLE = Automatic;
				INFOPLIST_FILE = aiaTests/Info.plist;
				IPHONEOS_DEPLOYMENT_TARGET = 13.5;
				LD_RUNPATH_SEARCH_PATHS = (
					"$(inherited)",
					"@executable_path/Frameworks",
					"@loader_path/Frameworks",
				);
				PRODUCT_BUNDLE_IDENTIFIER = rachmantosaputra.aiaTests;
				PRODUCT_NAME = "$(TARGET_NAME)";
				SWIFT_VERSION = 5.0;
				TARGETED_DEVICE_FAMILY = "1,2";
				TEST_HOST = "$(BUILT_PRODUCTS_DIR)/aia.app/aia";
			};
			name = Debug;
		};
		6979A29C24BDCC9F007B18FB /* Release */ = {
			isa = XCBuildConfiguration;
			buildSettings = {
				ALWAYS_EMBED_SWIFT_STANDARD_LIBRARIES = YES;
				BUNDLE_LOADER = "$(TEST_HOST)";
				CODE_SIGN_STYLE = Automatic;
				INFOPLIST_FILE = aiaTests/Info.plist;
				IPHONEOS_DEPLOYMENT_TARGET = 13.5;
				LD_RUNPATH_SEARCH_PATHS = (
					"$(inherited)",
					"@executable_path/Frameworks",
					"@loader_path/Frameworks",
				);
				PRODUCT_BUNDLE_IDENTIFIER = rachmantosaputra.aiaTests;
				PRODUCT_NAME = "$(TARGET_NAME)";
				SWIFT_VERSION = 5.0;
				TARGETED_DEVICE_FAMILY = "1,2";
				TEST_HOST = "$(BUILT_PRODUCTS_DIR)/aia.app/aia";
			};
			name = Release;
		};
		6979A29E24BDCC9F007B18FB /* Debug */ = {
			isa = XCBuildConfiguration;
			buildSettings = {
				ALWAYS_EMBED_SWIFT_STANDARD_LIBRARIES = YES;
				CODE_SIGN_STYLE = Automatic;
				INFOPLIST_FILE = aiaUITests/Info.plist;
				LD_RUNPATH_SEARCH_PATHS = (
					"$(inherited)",
					"@executable_path/Frameworks",
					"@loader_path/Frameworks",
				);
				PRODUCT_BUNDLE_IDENTIFIER = rachmantosaputra.aiaUITests;
				PRODUCT_NAME = "$(TARGET_NAME)";
				SWIFT_VERSION = 5.0;
				TARGETED_DEVICE_FAMILY = "1,2";
				TEST_TARGET_NAME = aia;
			};
			name = Debug;
		};
		6979A29F24BDCC9F007B18FB /* Release */ = {
			isa = XCBuildConfiguration;
			buildSettings = {
				ALWAYS_EMBED_SWIFT_STANDARD_LIBRARIES = YES;
				CODE_SIGN_STYLE = Automatic;
				INFOPLIST_FILE = aiaUITests/Info.plist;
				LD_RUNPATH_SEARCH_PATHS = (
					"$(inherited)",
					"@executable_path/Frameworks",
					"@loader_path/Frameworks",
				);
				PRODUCT_BUNDLE_IDENTIFIER = rachmantosaputra.aiaUITests;
				PRODUCT_NAME = "$(TARGET_NAME)";
				SWIFT_VERSION = 5.0;
				TARGETED_DEVICE_FAMILY = "1,2";
				TEST_TARGET_NAME = aia;
			};
			name = Release;
		};
/* End XCBuildConfiguration section */

/* Begin XCConfigurationList section */
		6979A26824BDCC99007B18FB /* Build configuration list for PBXProject "aia" */ = {
			isa = XCConfigurationList;
			buildConfigurations = (
				6979A29524BDCC9F007B18FB /* Debug */,
				6979A29624BDCC9F007B18FB /* Release */,
			);
			defaultConfigurationIsVisible = 0;
			defaultConfigurationName = Release;
		};
		6979A29724BDCC9F007B18FB /* Build configuration list for PBXNativeTarget "aia" */ = {
			isa = XCConfigurationList;
			buildConfigurations = (
				6979A29824BDCC9F007B18FB /* Debug */,
				6979A29924BDCC9F007B18FB /* Release */,
			);
			defaultConfigurationIsVisible = 0;
			defaultConfigurationName = Release;
		};
		6979A29A24BDCC9F007B18FB /* Build configuration list for PBXNativeTarget "aiaTests" */ = {
			isa = XCConfigurationList;
			buildConfigurations = (
				6979A29B24BDCC9F007B18FB /* Debug */,
				6979A29C24BDCC9F007B18FB /* Release */,
			);
			defaultConfigurationIsVisible = 0;
			defaultConfigurationName = Release;
		};
		6979A29D24BDCC9F007B18FB /* Build configuration list for PBXNativeTarget "aiaUITests" */ = {
			isa = XCConfigurationList;
			buildConfigurations = (
				6979A29E24BDCC9F007B18FB /* Debug */,
				6979A29F24BDCC9F007B18FB /* Release */,
			);
			defaultConfigurationIsVisible = 0;
			defaultConfigurationName = Release;
		};
/* End XCConfigurationList section */
	};
	rootObject = 6979A26524BDCC99007B18FB /* Project object */;
}
